
Microsoft Visual Studio Solution File, Format Version 12.00
# Visual Studio Version 17
VisualStudioVersion = 17.12.35506.116 d17.12
MinimumVisualStudioVersion = 10.0.40219.1
Project("{FAE04EC0-301F-11D3-BF4B-00C04F79EFBC}") = "Abarrotes", "Abarrotes\Abarrotes.csproj", "{580E8BEF-CAD6-48D8-ACA2-4F36C9288F14}"
EndProject
Global
	GlobalSection(SolutionConfigurationPlatforms) = preSolution
		Debug|Any CPU = Debug|Any CPU
		Release|Any CPU = Release|Any CPU
	EndGlobalSection
	GlobalSection(ProjectConfigurationPlatforms) = postSolution
		{580E8BEF-CAD6-48D8-ACA2-4F36C9288F14}.Debug|Any CPU.ActiveCfg = Debug|Any CPU
		{580E8BEF-CAD6-48D8-ACA2-4F36C9288F14}.Debug|Any CPU.Build.0 = Debug|Any CPU
		{580E8BEF-CAD6-48D8-ACA2-4F36C9288F14}.Release|Any CPU.ActiveCfg = Release|Any CPU
		{580E8BEF-CAD6-48D8-ACA2-4F36C9288F14}.Release|Any CPU.Build.0 = Release|Any CPU
	EndGlobalSection
	GlobalSection(SolutionProperties) = preSolution
		HideSolutionNode = FALSE
	EndGlobalSection
EndGlobal
